
Microsoft Visual Studio Solution File, Format Version 12.00
# Visual Studio Version 16
VisualStudioVersion = 16.0.29001.49
MinimumVisualStudioVersion = 10.0.40219.1
Project("{FAE04EC0-301F-11D3-BF4B-00C04F79EFBC}") = "newMHRS", "newMHRS\newMHRS.csproj", "{A66D23DD-BB68-45BE-91C5-052A036F28DF}"
EndProject
Global
	GlobalSection(SolutionConfigurationPlatforms) = preSolution
		Debug|Any CPU = Debug|Any CPU
		Release|Any CPU = Release|Any CPU
	EndGlobalSection
	GlobalSection(ProjectConfigurationPlatforms) = postSolution
		{A66D23DD-BB68-45BE-91C5-052A036F28DF}.Debug|Any CPU.ActiveCfg = Debug|Any CPU
		{A66D23DD-BB68-45BE-91C5-052A036F28DF}.Debug|Any CPU.Build.0 = Debug|Any CPU
		{A66D23DD-BB68-45BE-91C5-052A036F28DF}.Release|Any CPU.ActiveCfg = Release|Any CPU
		{A66D23DD-BB68-45BE-91C5-052A036F28DF}.Release|Any CPU.Build.0 = Release|Any CPU
	EndGlobalSection
	GlobalSection(SolutionProperties) = preSolution
		HideSolutionNode = FALSE
	EndGlobalSection
	GlobalSection(ExtensibilityGlobals) = postSolution
		SolutionGuid = {EB090A2B-CAFE-4E02-84AA-38C787AFA6B1}
	EndGlobalSection
EndGlobal
